
Microsoft Visual Studio Solution File, Format Version 12.00
# Visual Studio 15
Project("{FAE04EC0-301F-11D3-BF4B-00C04F79EFBC}") = "Exclusion(Project Files)", "Assembly-CSharp.csproj", "{607455E4-9E65-189E-0A91-4AD882966991}"
EndProject
Project("{FAE04EC0-301F-11D3-BF4B-00C04F79EFBC}") = "Exclusion(Project Files)", "Assembly-CSharp-firstpass.csproj", "{19E21A91-7F04-3B00-F7E4-17E3FB072276}"
EndProject
Project("{FAE04EC0-301F-11D3-BF4B-00C04F79EFBC}") = "Exclusion(Project Files)", "Assembly-CSharp-Editor.csproj", "{E7182697-E9BC-D2FE-0DBD-F3D6029F9DAF}"
EndProject
Project("{FAE04EC0-301F-11D3-BF4B-00C04F79EFBC}") = "Exclusion(Project Files)", "Assembly-CSharp-Editor-firstpass.csproj", "{EF0BAEBE-1576-D13B-4A9D-965528AEA804}"
EndProject
Global
	GlobalSection(SolutionConfigurationPlatforms) = preSolution
		Debug|Any CPU = Debug|Any CPU
		Release|Any CPU = Release|Any CPU
	EndGlobalSection
	GlobalSection(ProjectConfigurationPlatforms) = postSolution
		{607455E4-9E65-189E-0A91-4AD882966991}.Debug|Any CPU.ActiveCfg = Debug|Any CPU
		{607455E4-9E65-189E-0A91-4AD882966991}.Debug|Any CPU.Build.0 = Debug|Any CPU
		{607455E4-9E65-189E-0A91-4AD882966991}.Release|Any CPU.ActiveCfg = Release|Any CPU
		{607455E4-9E65-189E-0A91-4AD882966991}.Release|Any CPU.Build.0 = Release|Any CPU
		{19E21A91-7F04-3B00-F7E4-17E3FB072276}.Debug|Any CPU.ActiveCfg = Debug|Any CPU
		{19E21A91-7F04-3B00-F7E4-17E3FB072276}.Debug|Any CPU.Build.0 = Debug|Any CPU
		{19E21A91-7F04-3B00-F7E4-17E3FB072276}.Release|Any CPU.ActiveCfg = Release|Any CPU
		{19E21A91-7F04-3B00-F7E4-17E3FB072276}.Release|Any CPU.Build.0 = Release|Any CPU
		{E7182697-E9BC-D2FE-0DBD-F3D6029F9DAF}.Debug|Any CPU.ActiveCfg = Debug|Any CPU
		{E7182697-E9BC-D2FE-0DBD-F3D6029F9DAF}.Debug|Any CPU.Build.0 = Debug|Any CPU
		{E7182697-E9BC-D2FE-0DBD-F3D6029F9DAF}.Release|Any CPU.ActiveCfg = Release|Any CPU
		{E7182697-E9BC-D2FE-0DBD-F3D6029F9DAF}.Release|Any CPU.Build.0 = Release|Any CPU
		{EF0BAEBE-1576-D13B-4A9D-965528AEA804}.Debug|Any CPU.ActiveCfg = Debug|Any CPU
		{EF0BAEBE-1576-D13B-4A9D-965528AEA804}.Debug|Any CPU.Build.0 = Debug|Any CPU
		{EF0BAEBE-1576-D13B-4A9D-965528AEA804}.Release|Any CPU.ActiveCfg = Release|Any CPU
		{EF0BAEBE-1576-D13B-4A9D-965528AEA804}.Release|Any CPU.Build.0 = Release|Any CPU
	EndGlobalSection
	GlobalSection(SolutionProperties) = preSolution
		HideSolutionNode = FALSE
	EndGlobalSection
EndGlobal
